
Microsoft Visual Studio Solution File, Format Version 11.00
# Visual Studio 2010
Project("{FAE04EC0-301F-11D3-BF4B-00C04F79EFBC}") = "Transaq", "TransaqConnector\Transaq.csproj", "{A00E5A4B-CB24-474A-8F2B-06A2E370C4F6}"
EndProject
Project("{FAE04EC0-301F-11D3-BF4B-00C04F79EFBC}") = "SampleTransaq", "Samples\SampleTransaq\SampleTransaq.csproj", "{FAEED435-2407-479E-AE58-DFDA2E2C57F8}"
EndProject
Project("{2150E333-8FDC-42A3-9474-1A3956D46DE8}") = "Documentation", "Documentation", "{F386EDEF-8FA4-4016-BBD7-AFDADA4D329C}"
	ProjectSection(SolutionItems) = preProject
		Documentation\TXmlConnector.pdf = Documentation\TXmlConnector.pdf
	EndProjectSection
EndProject
Global
	GlobalSection(TeamFoundationVersionControl) = preSolution
		SccNumberOfProjects = 3
		SccEnterpriseProvider = {4CA58AB2-18FA-4F8D-95D4-32DDF27D184C}
		SccTeamFoundationServer = https://tfs.codeplex.com/tfs/tfs29
		SccProjectUniqueName0 = Samples\\SampleTransaq\\SampleTransaq.csproj
		SccProjectName0 = Samples/SampleTransaq
		SccLocalPath0 = Samples\\SampleTransaq
		SccLocalPath1 = .
		SccProjectUniqueName2 = TransaqConnector\\Transaq.csproj
		SccProjectName2 = TransaqConnector
		SccLocalPath2 = TransaqConnector
	EndGlobalSection
	GlobalSection(SolutionConfigurationPlatforms) = preSolution
		Debug|Any CPU = Debug|Any CPU
		Release|Any CPU = Release|Any CPU
	EndGlobalSection
	GlobalSection(ProjectConfigurationPlatforms) = postSolution
		{A00E5A4B-CB24-474A-8F2B-06A2E370C4F6}.Debug|Any CPU.ActiveCfg = Debug|Any CPU
		{A00E5A4B-CB24-474A-8F2B-06A2E370C4F6}.Debug|Any CPU.Build.0 = Debug|Any CPU
		{A00E5A4B-CB24-474A-8F2B-06A2E370C4F6}.Release|Any CPU.ActiveCfg = Release|Any CPU
		{A00E5A4B-CB24-474A-8F2B-06A2E370C4F6}.Release|Any CPU.Build.0 = Release|Any CPU
		{FAEED435-2407-479E-AE58-DFDA2E2C57F8}.Debug|Any CPU.ActiveCfg = Debug|Any CPU
		{FAEED435-2407-479E-AE58-DFDA2E2C57F8}.Debug|Any CPU.Build.0 = Debug|Any CPU
		{FAEED435-2407-479E-AE58-DFDA2E2C57F8}.Release|Any CPU.ActiveCfg = Release|Any CPU
		{FAEED435-2407-479E-AE58-DFDA2E2C57F8}.Release|Any CPU.Build.0 = Release|Any CPU
	EndGlobalSection
	GlobalSection(SolutionProperties) = preSolution
		HideSolutionNode = FALSE
	EndGlobalSection
EndGlobal
